lockfileVersion: 5.4

importers:

  .:
    specifiers:
      prettier: ^2.8.7
      turbo: ^1.8.8
    devDependencies:
      prettier: 2.8.7
      turbo: 1.8.8

packages:

  /prettier/2.8.7:
    resolution: {integrity: sha512-yPngTo3aXUUmyuTjeTUT75txrf+aMh9FiD7q9ZE/i6r0bPb22g4FsE6Y338PQX1bmfy08i9QQCB7/rcUAVntfw==}
    engines: {node: '>=10.13.0'}
    hasBin: true
    dev: true

  /turbo-darwin-64/1.8.8:
    resolution: {integrity: sha512-18cSeIm7aeEvIxGyq7PVoFyEnPpWDM/0CpZvXKHpQ6qMTkfNt517qVqUTAwsIYqNS8xazcKAqkNbvU1V49n65Q==}
    cpu: [x64]
    os: [darwin]
    requiresBuild: true
    dev: true
    optional: true

  /turbo-darwin-arm64/1.8.8:
    resolution: {integrity: sha512-ruGRI9nHxojIGLQv1TPgN7ud4HO4V8mFBwSgO6oDoZTNuk5ybWybItGR+yu6fni5vJoyMHXOYA2srnxvOc7hjQ==}
    cpu: [arm64]
    os: [darwin]
    requiresBuild: true
    dev: true
    optional: true

  /turbo-linux-64/1.8.8:
    resolution: {integrity: sha512-N/GkHTHeIQogXB1/6ZWfxHx+ubYeb8Jlq3b/3jnU4zLucpZzTQ8XkXIAfJG/TL3Q7ON7xQ8yGOyGLhHL7MpFRg==}
    cpu: [x64]
    os: [linux]
    requiresBuild: true
    dev: true
    optional: true

  /turbo-linux-arm64/1.8.8:
    resolution: {integrity: sha512-hKqLbBHgUkYf2Ww8uBL9UYdBFQ5677a7QXdsFhONXoACbDUPvpK4BKlz3NN7G4NZ+g9dGju+OJJjQP0VXRHb5w==}
    cpu: [arm64]
    os: [linux]
    requiresBuild: true
    dev: true
    optional: true

  /turbo-windows-64/1.8.8:
    resolution: {integrity: sha512-2ndjDJyzkNslXxLt+PQuU21AHJWc8f6MnLypXy3KsN4EyX/uKKGZS0QJWz27PeHg0JS75PVvhfFV+L9t9i+Yyg==}
    cpu: [x64]
    os: [win32]
    requiresBuild: true
    dev: true
    optional: true

  /turbo-windows-arm64/1.8.8:
    resolution: {integrity: sha512-xCA3oxgmW9OMqpI34AAmKfOVsfDljhD5YBwgs0ZDsn5h3kCHhC4x9W5dDk1oyQ4F5EXSH3xVym5/xl1J6WRpUg==}
    cpu: [arm64]
    os: [win32]
    requiresBuild: true
    dev: true
    optional: true

  /turbo/1.8.8:
    resolution: {integrity: sha512-qYJ5NjoTX+591/x09KgsDOPVDUJfU9GoS+6jszQQlLp1AHrf1wRFA3Yps8U+/HTG03q0M4qouOfOLtRQP4QypA==}
    hasBin: true
    requiresBuild: true
    optionalDependencies:
      turbo-darwin-64: 1.8.8
      turbo-darwin-arm64: 1.8.8
      turbo-linux-64: 1.8.8
      turbo-linux-arm64: 1.8.8
      turbo-windows-64: 1.8.8
      turbo-windows-arm64: 1.8.8
    dev: true
